{
  "name": "skatteetaten.github.io",
  "version": "1.0.0",
  "lockfileVersion": 1,
  "requires": true,
  "dependencies": {
    "@babel/runtime": {
      "version": "7.8.3",
      "resolved": "https://nexus-npm.aurora.skead.no/npm/repository/npm-all/@babel/runtime/-/runtime-7.8.3.tgz",
      "integrity": "sha512-fVHx1rzEmwB130VTkLnxR+HmxcTjGzH12LYQcFFoBwakMd3aOMD4OsRN7tGG/UOYE2ektgFrS8uACAoRk1CY0w==",
      "requires": {
        "regenerator-runtime": "^0.13.2"
      }
    },
    "@microsoft/load-themed-styles": {
      "version": "1.10.31",
      "resolved": "https://nexus-npm.aurora.skead.no/npm/repository/npm-all/@microsoft/load-themed-styles/-/load-themed-styles-1.10.31.tgz",
      "integrity": "sha512-+DT6/kBHX2e06CXHgLDfgVZGoAFP9pGiyggcBfeUdJkDx/skcW1/6RFRtuQtfqW8hTBRKRyADiQoler6igalpw=="
    },
    "@skatteetaten/frontend-components": {
      "version": "3.0.1",
      "resolved": "https://nexus-npm.aurora.skead.no/npm/repository/npm-all/@skatteetaten/frontend-components/-/frontend-components-3.0.1.tgz",
      "integrity": "sha512-paAgqD/7qmmZ2Rt7VtRfRc08XuJ6Rgd6h1Hyxei4htcteXuDm19aSe+Qimz+pqnYv+g9utrjI7hONcv8LTOm5Q==",
      "requires": {
        "@uifabric/merge-styles": "7.8.1",
        "@uifabric/styling": "7.7.4",
        "@uifabric/utilities": "7.6.0",
        "classnames": "2.2.6",
        "material-design-icons": "3.0.1",
        "moment": "2.24.0",
        "office-ui-fabric-react": "7.70.0",
        "prop-types": "15.7.2",
        "react-transition-group": "4.3.0"
      }
    },
    "@uifabric/foundation": {
      "version": "7.5.0",
      "resolved": "https://nexus-npm.aurora.skead.no/npm/repository/npm-all/@uifabric/foundation/-/foundation-7.5.0.tgz",
      "integrity": "sha512-eymMyV3e+MFCkcfC1AFIAzVP/h6/QvDcYb1l6K3IaG1QG47ZwijJJXseEvNDjimfUiJhez9H7cSsRZPIIJ5MaQ==",
      "requires": {
        "@uifabric/merge-styles": "^7.8.0",
        "@uifabric/set-version": "^7.0.2",
        "@uifabric/styling": "^7.7.2",
        "@uifabric/utilities": "^7.5.0",
        "tslib": "^1.7.1"
      }
    },
    "@uifabric/icons": {
      "version": "7.3.0",
      "resolved": "https://nexus-npm.aurora.skead.no/npm/repository/npm-all/@uifabric/icons/-/icons-7.3.0.tgz",
      "integrity": "sha512-wbcR8fJce20sPjsK2bbTC/cAZfAOFuE4dd4LHw194+8H+/dqotsowrQVp5Lu8aaHGQk+fXoiZmUy30WA9cAG4Q==",
      "requires": {
        "@uifabric/set-version": "^7.0.2",
        "@uifabric/styling": "^7.7.1",
        "tslib": "^1.7.1"
      }
    },
    "@uifabric/merge-styles": {
      "version": "7.8.1",
      "resolved": "https://nexus-npm.aurora.skead.no/npm/repository/npm-all/@uifabric/merge-styles/-/merge-styles-7.8.1.tgz",
      "integrity": "sha512-DJBXNsYfrYQ3wCjOE197JqXTkqwfPlGJhQkhYMBwO76ovKBQyJxT8m6NL8og5F9blnIBdCJPrvRUz/21/WlUGg==",
      "requires": {
        "@uifabric/set-version": "^7.0.2",
        "tslib": "^1.7.1"
      }
    },
    "@uifabric/react-hooks": {
      "version": "7.0.1",
      "resolved": "https://nexus-npm.aurora.skead.no/npm/repository/npm-all/@uifabric/react-hooks/-/react-hooks-7.0.1.tgz",
      "integrity": "sha512-cIr/ToLvc48D7A+XJrH/rHmSa/YmonvyFGHykFqHKiFSYiGKvc50GIyRJ/gkOUDuaaYVThWRwBQNOIMr3iFCYA==",
      "requires": {
        "@uifabric/set-version": "^7.0.2",
        "@uifabric/utilities": "^7.0.10",
        "tslib": "^1.7.1"
      }
    },
    "@uifabric/set-version": {
      "version": "7.0.2",
      "resolved": "https://nexus-npm.aurora.skead.no/npm/repository/npm-all/@uifabric/set-version/-/set-version-7.0.2.tgz",
      "integrity": "sha512-3mQp7gqPOqphwX74j+N/lJEFeivKPv8ryY9QFXUxVPnrXNwpIkDW9Wk6CPqArzgGvQngRRKYD/PcyP5iuHN52A==",
      "requires": {
        "tslib": "^1.7.1"
      }
    },
    "@uifabric/styling": {
      "version": "7.7.4",
      "resolved": "https://nexus-npm.aurora.skead.no/npm/repository/npm-all/@uifabric/styling/-/styling-7.7.4.tgz",
      "integrity": "sha512-lwua0sNRHOaNgf5b8l8y3SQNir+k2WhT61ycXXvTqdWCoPw4O8MJjiGgdAtymSJsxD4RG0ES5AIUYxbE4K8Lqg==",
      "requires": {
        "@microsoft/load-themed-styles": "^1.7.13",
        "@uifabric/merge-styles": "^7.8.1",
        "@uifabric/set-version": "^7.0.2",
        "@uifabric/utilities": "^7.6.0",
        "tslib": "^1.7.1"
      }
    },
    "@uifabric/utilities": {
      "version": "7.6.0",
      "resolved": "https://nexus-npm.aurora.skead.no/npm/repository/npm-all/@uifabric/utilities/-/utilities-7.6.0.tgz",
      "integrity": "sha512-umIN2M4Ue1FjqmRv2JVvzXljA/eG5QwoyNi8u2BVfJKXSi2qZ82ey3btV4lCdL2kUo25oXRM1qvaK7416Stdrg==",
      "requires": {
        "@uifabric/merge-styles": "^7.8.1",
        "@uifabric/set-version": "^7.0.2",
        "prop-types": "^15.5.10",
        "tslib": "^1.7.1"
      }
    },
    "array-union": {
      "version": "1.0.2",
      "resolved": "https://nexus-npm.aurora.skead.no/npm/repository/npm-all/array-union/-/array-union-1.0.2.tgz",
      "integrity": "sha1-mjRBDk9OPaI96jdb5b5w8kd47Dk=",
      "dev": true,
      "requires": {
        "array-uniq": "^1.0.1"
      }
    },
    "array-uniq": {
      "version": "1.0.3",
      "resolved": "https://nexus-npm.aurora.skead.no/npm/repository/npm-all/array-uniq/-/array-uniq-1.0.3.tgz",
      "integrity": "sha1-r2rId6Jcx/dOBYiUdThY39sk/bY=",
      "dev": true
    },
    "async": {
      "version": "2.6.3",
      "resolved": "https://nexus-npm.aurora.skead.no/npm/repository/npm-all/async/-/async-2.6.3.tgz",
      "integrity": "sha512-zflvls11DCy+dQWzTW2dzuilv8Z5X/pjfmZOWba6TNIVDm+2UDaJmXSOXlasHKfNBs8oo3M0aT50fDEWfKZjXg==",
      "dev": true,
      "requires": {
        "lodash": "^4.17.14"
      }
    },
    "balanced-match": {
      "version": "1.0.0",
      "resolved": "https://nexus-npm.aurora.skead.no/npm/repository/npm-all/balanced-match/-/balanced-match-1.0.0.tgz",
      "integrity": "sha1-ibTRmasr7kneFk6gK4nORi1xt2c=",
      "dev": true
    },
    "brace-expansion": {
      "version": "1.1.11",
      "resolved": "https://nexus-npm.aurora.skead.no/npm/repository/npm-all/brace-expansion/-/brace-expansion-1.1.11.tgz",
      "integrity": "sha512-iCuPHDFgrHX7H2vEI/5xpz07zSHB00TpugqhmYtVmMO6518mCuRMoOYFldEBl0g187ufozdaHgWKcYFb61qGiA==",
      "dev": true,
      "requires": {
        "balanced-match": "^1.0.0",
        "concat-map": "0.0.1"
      }
    },
    "classnames": {
      "version": "2.2.6",
      "resolved": "https://nexus-npm.aurora.skead.no/npm/repository/npm-all/classnames/-/classnames-2.2.6.tgz",
      "integrity": "sha512-JR/iSQOSt+LQIWwrwEzJ9uk0xfN3mTVYMwt1Ir5mUcSN6pU+V4zQFFaJsclJbPuAUQH+yfWef6tm7l1quW3C8Q=="
    },
    "commander": {
      "version": "2.20.3",
      "resolved": "https://nexus-npm.aurora.skead.no/npm/repository/npm-all/commander/-/commander-2.20.3.tgz",
      "integrity": "sha512-GpVkmM8vF2vQUkj2LvZmD35JxeJOLCwJ9cUkugyk2nuhbv3+mJvpLYYt+0+USMxE+oj+ey/lJEnhZw75x/OMcQ==",
      "dev": true
    },
    "concat-map": {
      "version": "0.0.1",
      "resolved": "https://nexus-npm.aurora.skead.no/npm/repository/npm-all/concat-map/-/concat-map-0.0.1.tgz",
      "integrity": "sha1-2Klr13/Wjfd5OnMDajug1UBdR3s=",
      "dev": true
    },
    "csstype": {
      "version": "2.6.8",
      "resolved": "https://nexus-npm.aurora.skead.no/npm/repository/npm-all/csstype/-/csstype-2.6.8.tgz",
      "integrity": "sha512-msVS9qTuMT5zwAGCVm4mxfrZ18BNc6Csd0oJAtiFMZ1FAx1CCvy2+5MDmYoix63LM/6NDbNtodCiGYGmFgO0dA=="
    },
    "dom-helpers": {
      "version": "5.1.3",
      "resolved": "https://nexus-npm.aurora.skead.no/npm/repository/npm-all/dom-helpers/-/dom-helpers-5.1.3.tgz",
      "integrity": "sha512-nZD1OtwfWGRBWlpANxacBEZrEuLa16o1nh7YopFWeoF68Zt8GGEmzHu6Xv4F3XaFIC+YXtTLrzgqKxFgLEe4jw==",
      "requires": {
        "@babel/runtime": "^7.6.3",
        "csstype": "^2.6.7"
      }
    },
    "email-addresses": {
      "version": "3.1.0",
      "resolved": "https://nexus-npm.aurora.skead.no/npm/repository/npm-all/email-addresses/-/email-addresses-3.1.0.tgz",
      "integrity": "sha512-k0/r7GrWVL32kZlGwfPNgB2Y/mMXVTq/decgLczm/j34whdaspNrZO8CnXPf1laaHxI6ptUlsnAxN+UAPw+fzg==",
      "dev": true
    },
    "escape-string-regexp": {
      "version": "1.0.5",
      "resolved": "https://nexus-npm.aurora.skead.no/npm/repository/npm-all/escape-string-regexp/-/escape-string-regexp-1.0.5.tgz",
      "integrity": "sha1-G2HAViGQqN/2rjuyzwIAyhMLhtQ=",
      "dev": true
    },
    "filename-reserved-regex": {
      "version": "1.0.0",
      "resolved": "https://nexus-npm.aurora.skead.no/npm/repository/npm-all/filename-reserved-regex/-/filename-reserved-regex-1.0.0.tgz",
      "integrity": "sha1-5hz4BfDeHJhFZ9A4bcXfUO5a9+Q=",
      "dev": true
    },
    "filenamify": {
      "version": "1.2.1",
      "resolved": "https://nexus-npm.aurora.skead.no/npm/repository/npm-all/filenamify/-/filenamify-1.2.1.tgz",
      "integrity": "sha1-qfL/0RxQO+0wABUCknI3jx8TZaU=",
      "dev": true,
      "requires": {
        "filename-reserved-regex": "^1.0.0",
        "strip-outer": "^1.0.0",
        "trim-repeated": "^1.0.0"
      }
    },
    "filenamify-url": {
      "version": "1.0.0",
      "resolved": "https://nexus-npm.aurora.skead.no/npm/repository/npm-all/filenamify-url/-/filenamify-url-1.0.0.tgz",
      "integrity": "sha1-syvYExnvWGO3MHi+1Q9GpPeXX1A=",
      "dev": true,
      "requires": {
        "filenamify": "^1.0.0",
        "humanize-url": "^1.0.0"
      }
    },
    "fs-extra": {
      "version": "8.1.0",
      "resolved": "https://nexus-npm.aurora.skead.no/npm/repository/npm-all/fs-extra/-/fs-extra-8.1.0.tgz",
      "integrity": "sha512-yhlQgA6mnOJUKOsRUFsgJdQCvkKhcz8tlZG5HBQfReYZy46OwLcY+Zia0mtdHsOo9y/hP+CxMN0TU9QxoOtG4g==",
      "dev": true,
      "requires": {
        "graceful-fs": "^4.2.0",
        "jsonfile": "^4.0.0",
        "universalify": "^0.1.0"
      }
    },
    "fs.realpath": {
      "version": "1.0.0",
      "resolved": "https://nexus-npm.aurora.skead.no/npm/repository/npm-all/fs.realpath/-/fs.realpath-1.0.0.tgz",
      "integrity": "sha1-FQStJSMVjKpA20onh8sBQRmU6k8=",
      "dev": true
    },
    "gh-pages": {
      "version": "2.2.0",
      "resolved": "https://nexus-npm.aurora.skead.no/npm/repository/npm-all/gh-pages/-/gh-pages-2.2.0.tgz",
      "integrity": "sha512-c+yPkNOPMFGNisYg9r4qvsMIjVYikJv7ImFOhPIVPt0+AcRUamZ7zkGRLHz7FKB0xrlZ+ddSOJsZv9XAFVXLmA==",
      "dev": true,
      "requires": {
        "async": "^2.6.1",
        "commander": "^2.18.0",
        "email-addresses": "^3.0.1",
        "filenamify-url": "^1.0.0",
        "fs-extra": "^8.1.0",
        "globby": "^6.1.0"
      }
    },
    "glob": {
      "version": "7.1.6",
      "resolved": "https://nexus-npm.aurora.skead.no/npm/repository/npm-all/glob/-/glob-7.1.6.tgz",
      "integrity": "sha512-LwaxwyZ72Lk7vZINtNNrywX0ZuLyStrdDtabefZKAY5ZGJhVtgdznluResxNmPitE0SAO+O26sWTHeKSI2wMBA==",
      "dev": true,
      "requires": {
        "fs.realpath": "^1.0.0",
        "inflight": "^1.0.4",
        "inherits": "2",
        "minimatch": "^3.0.4",
        "once": "^1.3.0",
        "path-is-absolute": "^1.0.0"
      }
    },
    "globby": {
      "version": "6.1.0",
      "resolved": "https://nexus-npm.aurora.skead.no/npm/repository/npm-all/globby/-/globby-6.1.0.tgz",
      "integrity": "sha1-9abXDoOV4hyFj7BInWTfAkJNUGw=",
      "dev": true,
      "requires": {
        "array-union": "^1.0.1",
        "glob": "^7.0.3",
        "object-assign": "^4.0.1",
        "pify": "^2.0.0",
        "pinkie-promise": "^2.0.0"
      }
    },
    "graceful-fs": {
      "version": "4.2.3",
      "resolved": "https://nexus-npm.aurora.skead.no/npm/repository/npm-all/graceful-fs/-/graceful-fs-4.2.3.tgz",
      "integrity": "sha512-a30VEBm4PEdx1dRB7MFK7BejejvCvBronbLjht+sHuGYj8PHs7M/5Z+rt5lw551vZ7yfTCj4Vuyy3mSJytDWRQ==",
      "dev": true
    },
    "humanize-url": {
      "version": "1.0.1",
      "resolved": "https://nexus-npm.aurora.skead.no/npm/repository/npm-all/humanize-url/-/humanize-url-1.0.1.tgz",
      "integrity": "sha1-9KuZ4NKIF0yk4eUEB8VfuuRk7/8=",
      "dev": true,
      "requires": {
        "normalize-url": "^1.0.0",
        "strip-url-auth": "^1.0.0"
      }
    },
    "inflight": {
      "version": "1.0.6",
      "resolved": "https://nexus-npm.aurora.skead.no/npm/repository/npm-all/inflight/-/inflight-1.0.6.tgz",
      "integrity": "sha1-Sb1jMdfQLQwJvJEKEHW6gWW1bfk=",
      "dev": true,
      "requires": {
        "once": "^1.3.0",
        "wrappy": "1"
      }
    },
    "inherits": {
      "version": "2.0.4",
      "resolved": "https://nexus-npm.aurora.skead.no/npm/repository/npm-all/inherits/-/inherits-2.0.4.tgz",
      "integrity": "sha512-k/vGaX4/Yla3WzyMCvTQOXYeIHvqOKtnqBduzTHpzpQZzAskKMhZ2K+EnBiSM9zGSoIFeMpXKxa4dYeZIQqewQ==",
      "dev": true
    },
    "is-plain-obj": {
      "version": "1.1.0",
      "resolved": "https://nexus-npm.aurora.skead.no/npm/repository/npm-all/is-plain-obj/-/is-plain-obj-1.1.0.tgz",
      "integrity": "sha1-caUMhCnfync8kqOQpKA7OfzVHT4=",
      "dev": true
    },
    "js-tokens": {
      "version": "4.0.0",
      "resolved": "https://nexus-npm.aurora.skead.no/npm/repository/npm-all/js-tokens/-/js-tokens-4.0.0.tgz",
      "integrity": "sha512-RdJUflcE3cUzKiMqQgsCu06FPu9UdIJO0beYbPhHN4k6apgJtifcoCtT9bcxOpYBtpD2kCM6Sbzg4CausW/PKQ=="
    },
    "jsonfile": {
      "version": "4.0.0",
      "resolved": "https://nexus-npm.aurora.skead.no/npm/repository/npm-all/jsonfile/-/jsonfile-4.0.0.tgz",
      "integrity": "sha1-h3Gq4HmbZAdrdmQPygWPnBDjPss=",
      "dev": true,
      "requires": {
        "graceful-fs": "^4.1.6"
      }
    },
    "lodash": {
      "version": "4.17.15",
      "resolved": "https://nexus-npm.aurora.skead.no/npm/repository/npm-all/lodash/-/lodash-4.17.15.tgz",
      "integrity": "sha512-8xOcRHvCjnocdS5cpwXQXVzmmh5e5+saE2QGoeQmbKmRS6J3VQppPOIt0MnmE+4xlZoumy0GPG0D0MVIQbNA1A==",
      "dev": true
    },
    "loose-envify": {
      "version": "1.4.0",
      "resolved": "https://nexus-npm.aurora.skead.no/npm/repository/npm-all/loose-envify/-/loose-envify-1.4.0.tgz",
      "integrity": "sha512-lyuxPGr/Wfhrlem2CL/UcnUc1zcqKAImBDzukY7Y5F/yQiNdko6+fRLevlw1HgMySw7f611UIY408EtxRSoK3Q==",
      "requires": {
        "js-tokens": "^3.0.0 || ^4.0.0"
      }
    },
    "material-design-icons": {
      "version": "3.0.1",
      "resolved": "https://nexus-npm.aurora.skead.no/npm/repository/npm-all/material-design-icons/-/material-design-icons-3.0.1.tgz",
      "integrity": "sha1-mnHEh0chjrylHlGmbaaCA4zct78="
    },
    "minimatch": {
      "version": "3.0.4",
      "resolved": "https://nexus-npm.aurora.skead.no/npm/repository/npm-all/minimatch/-/minimatch-3.0.4.tgz",
      "integrity": "sha512-yJHVQEhyqPLUTgt9B83PXu6W3rx4MvvHvSUvToogpwoGDOUQ+yDrR0HRot+yOCdCO7u4hX3pWft6kWBBcqh0UA==",
      "dev": true,
      "requires": {
        "brace-expansion": "^1.1.7"
      }
    },
    "moment": {
      "version": "2.24.0",
      "resolved": "https://nexus-npm.aurora.skead.no/npm/repository/npm-all/moment/-/moment-2.24.0.tgz",
      "integrity": "sha512-bV7f+6l2QigeBBZSM/6yTNq4P2fNpSWj/0e7jQcy87A8e7o2nAfP/34/2ky5Vw4B9S446EtIhodAzkFCcR4dQg=="
    },
    "normalize-url": {
      "version": "1.9.1",
      "resolved": "https://nexus-npm.aurora.skead.no/npm/repository/npm-all/normalize-url/-/normalize-url-1.9.1.tgz",
      "integrity": "sha1-LMDWazHqIwNkWENuNiDYWVTGbDw=",
      "dev": true,
      "requires": {
        "object-assign": "^4.0.1",
        "prepend-http": "^1.0.0",
        "query-string": "^4.1.0",
        "sort-keys": "^1.0.0"
      }
    },
    "object-assign": {
      "version": "4.1.1",
      "resolved": "https://nexus-npm.aurora.skead.no/npm/repository/npm-all/object-assign/-/object-assign-4.1.1.tgz",
      "integrity": "sha1-IQmtx5ZYh8/AXLvUQsrIv7s2CGM="
    },
    "office-ui-fabric-react": {
      "version": "7.70.0",
      "resolved": "https://nexus-npm.aurora.skead.no/npm/repository/npm-all/office-ui-fabric-react/-/office-ui-fabric-react-7.70.0.tgz",
      "integrity": "sha512-gDObcmPsm+n97xc14qnodYgQEMlF+gtBfzX4AWRq22kHvMLH28CHeRKtcWcD/gWeYGmype1aU8tfRcJZPKodzw==",
      "requires": {
        "@microsoft/load-themed-styles": "^1.7.13",
        "@uifabric/foundation": "^7.5.0",
        "@uifabric/icons": "^7.3.0",
        "@uifabric/merge-styles": "^7.8.1",
        "@uifabric/react-hooks": "^7.0.1",
        "@uifabric/set-version": "^7.0.2",
        "@uifabric/styling": "^7.7.4",
        "@uifabric/utilities": "^7.6.0",
        "prop-types": "^15.5.10",
        "tslib": "^1.7.1"
      }
    },
    "once": {
      "version": "1.4.0",
      "resolved": "https://nexus-npm.aurora.skead.no/npm/repository/npm-all/once/-/once-1.4.0.tgz",
      "integrity": "sha1-WDsap3WWHUsROsF9nFC6753Xa9E=",
      "dev": true,
      "requires": {
        "wrappy": "1"
      }
    },
    "path-is-absolute": {
      "version": "1.0.1",
      "resolved": "https://nexus-npm.aurora.skead.no/npm/repository/npm-all/path-is-absolute/-/path-is-absolute-1.0.1.tgz",
      "integrity": "sha1-F0uSaHNVNP+8es5r9TpanhtcX18=",
      "dev": true
    },
    "pify": {
      "version": "2.3.0",
      "resolved": "https://nexus-npm.aurora.skead.no/npm/repository/npm-all/pify/-/pify-2.3.0.tgz",
      "integrity": "sha1-7RQaasBDqEnqWISY59yosVMw6Qw=",
      "dev": true
    },
    "pinkie": {
      "version": "2.0.4",
      "resolved": "https://nexus-npm.aurora.skead.no/npm/repository/npm-all/pinkie/-/pinkie-2.0.4.tgz",
      "integrity": "sha1-clVrgM+g1IqXToDnckjoDtT3+HA=",
      "dev": true
    },
    "pinkie-promise": {
      "version": "2.0.1",
      "resolved": "https://nexus-npm.aurora.skead.no/npm/repository/npm-all/pinkie-promise/-/pinkie-promise-2.0.1.tgz",
      "integrity": "sha1-ITXW36ejWMBprJsXh3YogihFD/o=",
      "dev": true,
      "requires": {
        "pinkie": "^2.0.0"
      }
    },
    "prepend-http": {
      "version": "1.0.4",
      "resolved": "https://nexus-npm.aurora.skead.no/npm/repository/npm-all/prepend-http/-/prepend-http-1.0.4.tgz",
      "integrity": "sha1-1PRWKwzjaW5BrFLQ4ALlemNdxtw=",
      "dev": true
    },
    "prettier": {
      "version": "1.19.1",
      "resolved": "https://nexus-npm.aurora.skead.no/npm/repository/npm-all/prettier/-/prettier-1.19.1.tgz",
      "integrity": "sha512-s7PoyDv/II1ObgQunCbB9PdLmUcBZcnWOcxDh7O0N/UwDEsHyqkW+Qh28jW+mVuCdx7gLB0BotYI1Y6uI9iyew==",
      "dev": true
    },
    "prop-types": {
      "version": "15.7.2",
      "resolved": "https://nexus-npm.aurora.skead.no/npm/repository/npm-all/prop-types/-/prop-types-15.7.2.tgz",
      "integrity": "sha512-8QQikdH7//R2vurIJSutZ1smHYTcLpRWEOlHnzcWHmBYrOGUysKwSsrC89BCiFj3CbrfJ/nXFdJepOVrY1GCHQ==",
      "requires": {
        "loose-envify": "^1.4.0",
        "object-assign": "^4.1.1",
        "react-is": "^16.8.1"
      }
    },
    "query-string": {
      "version": "4.3.4",
      "resolved": "https://nexus-npm.aurora.skead.no/npm/repository/npm-all/query-string/-/query-string-4.3.4.tgz",
      "integrity": "sha1-u7aTucqRXCMlFbIosaArYJBD2+s=",
      "dev": true,
      "requires": {
        "object-assign": "^4.1.0",
        "strict-uri-encode": "^1.0.0"
      }
    },
    "react": {
      "version": "16.12.0",
      "resolved": "https://nexus-npm.aurora.skead.no/npm/repository/npm-all/react/-/react-16.12.0.tgz",
      "integrity": "sha512-fglqy3k5E+81pA8s+7K0/T3DBCF0ZDOher1elBFzF7O6arXJgzyu/FW+COxFvAWXJoJN9KIZbT2LXlukwphYTA==",
      "requires": {
        "loose-envify": "^1.1.0",
        "object-assign": "^4.1.1",
        "prop-types": "^15.6.2"
      }
    },
    "react-dom": {
      "version": "16.12.0",
      "resolved": "https://nexus-npm.aurora.skead.no/npm/repository/npm-all/react-dom/-/react-dom-16.12.0.tgz",
      "integrity": "sha512-LMxFfAGrcS3kETtQaCkTKjMiifahaMySFDn71fZUNpPHZQEzmk/GiAeIT8JSOrHB23fnuCOMruL2a8NYlw+8Gw==",
      "requires": {
        "loose-envify": "^1.1.0",
        "object-assign": "^4.1.1",
        "prop-types": "^15.6.2",
        "scheduler": "^0.18.0"
      }
    },
    "react-is": {
      "version": "16.12.0",
      "resolved": "https://nexus-npm.aurora.skead.no/npm/repository/npm-all/react-is/-/react-is-16.12.0.tgz",
      "integrity": "sha512-rPCkf/mWBtKc97aLL9/txD8DZdemK0vkA3JMLShjlJB3Pj3s+lpf1KaBzMfQrAmhMQB0n1cU/SUGgKKBCe837Q=="
    },
    "react-transition-group": {
      "version": "4.3.0",
      "resolved": "https://nexus-npm.aurora.skead.no/npm/repository/npm-all/react-transition-group/-/react-transition-group-4.3.0.tgz",
      "integrity": "sha512-1qRV1ZuVSdxPlPf4O8t7inxUGpdyO5zG9IoNfJxSO0ImU2A1YWkEQvFPuIPZmMLkg5hYs7vv5mMOyfgSkvAwvw==",
      "requires": {
        "@babel/runtime": "^7.5.5",
        "dom-helpers": "^5.0.1",
        "loose-envify": "^1.4.0",
        "prop-types": "^15.6.2"
      }
    },
    "regenerator-runtime": {
      "version": "0.13.3",
      "resolved": "https://nexus-npm.aurora.skead.no/npm/repository/npm-all/regenerator-runtime/-/regenerator-runtime-0.13.3.tgz",
      "integrity": "sha512-naKIZz2GQ8JWh///G7L3X6LaQUAMp2lvb1rvwwsURe/VXwD6VMfr+/1NuNw3ag8v2kY1aQ/go5SNn79O9JU7yw=="
    },
    "rimraf": {
      "version": "3.0.0",
      "resolved": "https://nexus-npm.aurora.skead.no/npm/repository/npm-all/rimraf/-/rimraf-3.0.0.tgz",
      "integrity": "sha512-NDGVxTsjqfunkds7CqsOiEnxln4Bo7Nddl3XhS4pXg5OzwkLqJ971ZVAAnB+DDLnF76N+VnDEiBHaVV8I06SUg==",
      "dev": true,
      "requires": {
        "glob": "^7.1.3"
      }
    },
    "scheduler": {
      "version": "0.18.0",
      "resolved": "https://nexus-npm.aurora.skead.no/npm/repository/npm-all/scheduler/-/scheduler-0.18.0.tgz",
      "integrity": "sha512-agTSHR1Nbfi6ulI0kYNK0203joW2Y5W4po4l+v03tOoiJKpTBbxpNhWDvqc/4IcOw+KLmSiQLTasZ4cab2/UWQ==",
      "requires": {
        "loose-envify": "^1.1.0",
        "object-assign": "^4.1.1"
      }
    },
    "sort-keys": {
      "version": "1.1.2",
      "resolved": "https://nexus-npm.aurora.skead.no/npm/repository/npm-all/sort-keys/-/sort-keys-1.1.2.tgz",
      "integrity": "sha1-RBttTTRnmPG05J6JIK37oOVD+a0=",
      "dev": true,
      "requires": {
        "is-plain-obj": "^1.0.0"
      }
    },
    "strict-uri-encode": {
      "version": "1.1.0",
      "resolved": "https://nexus-npm.aurora.skead.no/npm/repository/npm-all/strict-uri-encode/-/strict-uri-encode-1.1.0.tgz",
      "integrity": "sha1-J5siXfHVgrH1TmWt3UNS4Y+qBxM=",
      "dev": true
    },
    "strip-outer": {
      "version": "1.0.1",
      "resolved": "https://nexus-npm.aurora.skead.no/npm/repository/npm-all/strip-outer/-/strip-outer-1.0.1.tgz",
      "integrity": "sha512-k55yxKHwaXnpYGsOzg4Vl8+tDrWylxDEpknGjhTiZB8dFRU5rTo9CAzeycivxV3s+zlTKwrs6WxMxR95n26kwg==",
      "dev": true,
      "requires": {
        "escape-string-regexp": "^1.0.2"
      }
    },
    "strip-url-auth": {
      "version": "1.0.1",
      "resolved": "https://nexus-npm.aurora.skead.no/npm/repository/npm-all/strip-url-auth/-/strip-url-auth-1.0.1.tgz",
      "integrity": "sha1-IrD6OkE4WzO+PzMVUbu4N/oM164=",
      "dev": true
    },
    "trim-repeated": {
      "version": "1.0.0",
      "resolved": "https://nexus-npm.aurora.skead.no/npm/repository/npm-all/trim-repeated/-/trim-repeated-1.0.0.tgz",
      "integrity": "sha1-42RqLqTokTEr9+rObPsFOAvAHCE=",
      "dev": true,
      "requires": {
        "escape-string-regexp": "^1.0.2"
      }
    },
    "tslib": {
      "version": "1.10.0",
      "resolved": "https://nexus-npm.aurora.skead.no/npm/repository/npm-all/tslib/-/tslib-1.10.0.tgz",
      "integrity": "sha512-qOebF53frne81cf0S9B41ByenJ3/IuH8yJKngAX35CmiZySA0khhkovshKK+jGCaMnVomla7gVlIcc3EvKPbTQ=="
    },
    "universalify": {
      "version": "0.1.2",
      "resolved": "https://nexus-npm.aurora.skead.no/npm/repository/npm-all/universalify/-/universalify-0.1.2.tgz",
      "integrity": "sha512-rBJeI5CXAlmy1pV+617WB9J63U6XcazHHF2f2dbJix4XzpUF0RS3Zbj0FGIOCAva5P/d/GBOYaACQ1w+0azUkg==",
      "dev": true
    },
    "wrappy": {
      "version": "1.0.2",
      "resolved": "https://nexus-npm.aurora.skead.no/npm/repository/npm-all/wrappy/-/wrappy-1.0.2.tgz",
      "integrity": "sha1-tSQ9jz7BqjXxNkYFvA0QNuMKtp8=",
      "dev": true
    }
  }
}
